
Microsoft Visual Studio Solution File, Format Version 12.00
# Visual Studio 14
VisualStudioVersion = 14.0.25420.1
MinimumVisualStudioVersion = 10.0.40219.1
Project("{FAE04EC0-301F-11D3-BF4B-00C04F79EFBC}") = "WebAPI_LoginValidator", "WebAPI_LoginValidator\WebAPI_LoginValidator.csproj", "{CDC4D172-D435-4634-B46C-0CB368E4F19E}"
EndProject
Global
	GlobalSection(SolutionConfigurationPlatforms) = preSolution
		Debug|Any CPU = Debug|Any CPU
		Release|Any CPU = Release|Any CPU
	EndGlobalSection
	GlobalSection(ProjectConfigurationPlatforms) = postSolution
		{CDC4D172-D435-4634-B46C-0CB368E4F19E}.Debug|Any CPU.ActiveCfg = Debug|Any CPU
		{CDC4D172-D435-4634-B46C-0CB368E4F19E}.Debug|Any CPU.Build.0 = Debug|Any CPU
		{CDC4D172-D435-4634-B46C-0CB368E4F19E}.Release|Any CPU.ActiveCfg = Release|Any CPU
		{CDC4D172-D435-4634-B46C-0CB368E4F19E}.Release|Any CPU.Build.0 = Release|Any CPU
	EndGlobalSection
	GlobalSection(SolutionProperties) = preSolution
		HideSolutionNode = FALSE
	EndGlobalSection
EndGlobal
